
Microsoft Visual Studio Solution File, Format Version 11.00
# Visual Studio 2010
Project("{FAE04EC0-301F-11D3-BF4B-00C04F79EFBC}") = "UnityWorldHeatMap", "Assembly-CSharp.csproj", "{34EDED6E-E675-62AD-427C-AC9E05A426D5}"
EndProject
Project("{FAE04EC0-301F-11D3-BF4B-00C04F79EFBC}") = "UnityWorldHeatMap", "Assembly-CSharp-Editor.csproj", "{AC7DE2C7-1ACC-CD48-8E65-12DC68AB8E15}"
EndProject
Global
	GlobalSection(SolutionConfigurationPlatforms) = preSolution
		Debug|Any CPU = Debug|Any CPU
		Release|Any CPU = Release|Any CPU
	EndGlobalSection
	GlobalSection(ProjectConfigurationPlatforms) = postSolution
		{34EDED6E-E675-62AD-427C-AC9E05A426D5}.Debug|Any CPU.ActiveCfg = Debug|Any CPU
		{34EDED6E-E675-62AD-427C-AC9E05A426D5}.Debug|Any CPU.Build.0 = Debug|Any CPU
		{34EDED6E-E675-62AD-427C-AC9E05A426D5}.Release|Any CPU.ActiveCfg = Release|Any CPU
		{34EDED6E-E675-62AD-427C-AC9E05A426D5}.Release|Any CPU.Build.0 = Release|Any CPU
		{AC7DE2C7-1ACC-CD48-8E65-12DC68AB8E15}.Debug|Any CPU.ActiveCfg = Debug|Any CPU
		{AC7DE2C7-1ACC-CD48-8E65-12DC68AB8E15}.Debug|Any CPU.Build.0 = Debug|Any CPU
		{AC7DE2C7-1ACC-CD48-8E65-12DC68AB8E15}.Release|Any CPU.ActiveCfg = Release|Any CPU
		{AC7DE2C7-1ACC-CD48-8E65-12DC68AB8E15}.Release|Any CPU.Build.0 = Release|Any CPU
	EndGlobalSection
	GlobalSection(SolutionProperties) = preSolution
		HideSolutionNode = FALSE
	EndGlobalSection
	GlobalSection(MonoDevelopProperties) = preSolution
		StartupItem = Assembly-CSharp.csproj
	EndGlobalSection
EndGlobal
